
Microsoft Visual Studio Solution File, Format Version 12.00
# Visual Studio Version 17
VisualStudioVersion = 17.14.36414.22 d17.14
MinimumVisualStudioVersion = 10.0.40219.1
Project("{FAE04EC0-301F-11D3-BF4B-00C04F79EFBC}") = "TallerPOO", "TallerPOO.csproj", "{CE5CCEE8-4C8A-4220-9530-BBFE15458ED6}"
EndProject
Global
	GlobalSection(SolutionConfigurationPlatforms) = preSolution
		Debug|Any CPU = Debug|Any CPU
		Release|Any CPU = Release|Any CPU
	EndGlobalSection
	GlobalSection(ProjectConfigurationPlatforms) = postSolution
		{CE5CCEE8-4C8A-4220-9530-BBFE15458ED6}.Debug|Any CPU.ActiveCfg = Debug|Any CPU
		{CE5CCEE8-4C8A-4220-9530-BBFE15458ED6}.Debug|Any CPU.Build.0 = Debug|Any CPU
		{CE5CCEE8-4C8A-4220-9530-BBFE15458ED6}.Release|Any CPU.ActiveCfg = Release|Any CPU
		{CE5CCEE8-4C8A-4220-9530-BBFE15458ED6}.Release|Any CPU.Build.0 = Release|Any CPU
	EndGlobalSection
	GlobalSection(SolutionProperties) = preSolution
		HideSolutionNode = FALSE
	EndGlobalSection
	GlobalSection(ExtensibilityGlobals) = postSolution
		SolutionGuid = {FBFD8D59-FA9E-4F49-8755-E55B8569EB5A}
	EndGlobalSection
EndGlobal
